// !$*UTF8*$!
{
	archiveVersion = 1;
	classes = {
	};
	objectVersion = 50;
	objects = {

/* Begin PBXBuildFile section */
		6B37CA192240148B00F606D1 /* AppDelegate.swift in Sources */ = {isa = PBXBuildFile; fileRef = 6B37CA182240148B00F606D1 /* AppDelegate.swift */; };
		6B37CA1B2240148B00F606D1 /* LoginViewController.swift in Sources */ = {isa = PBXBuildFile; fileRef = 6B37CA1A2240148B00F606D1 /* LoginViewController.swift */; };
		6B37CA1E2240148B00F606D1 /* Main.storyboard in Resources */ = {isa = PBXBuildFile; fileRef = 6B37CA1C2240148B00F606D1 /* Main.storyboard */; };
		6B37CA202240148D00F606D1 /* Assets.xcassets in Resources */ = {isa = PBXBuildFile; fileRef = 6B37CA1F2240148D00F606D1 /* Assets.xcassets */; };
		6B37CA232240148D00F606D1 /* LaunchScreen.storyboard in Resources */ = {isa = PBXBuildFile; fileRef = 6B37CA212240148D00F606D1 /* LaunchScreen.storyboard */; };
		6B37CA2F2240207100F606D1 /* ParseClient.swift in Sources */ = {isa = PBXBuildFile; fileRef = 6B37CA2E2240207100F606D1 /* ParseClient.swift */; };
		6B37CA312240295400F606D1 /* StudentLocation.swift in Sources */ = {isa = PBXBuildFile; fileRef = 6B37CA302240295400F606D1 /* StudentLocation.swift */; };
		6B49085C2241552400A5D66D /* LocationResult.swift in Sources */ = {isa = PBXBuildFile; fileRef = 6B49085B2241552400A5D66D /* LocationResult.swift */; };
		6B49085E22415B9B00A5D66D /* StudentResponse.swift in Sources */ = {isa = PBXBuildFile; fileRef = 6B49085D22415B9B00A5D66D /* StudentResponse.swift */; };
		6B4908612241802700A5D66D /* UdacityClient.swift in Sources */ = {isa = PBXBuildFile; fileRef = 6B4908602241802700A5D66D /* UdacityClient.swift */; };
		6B490864224185FB00A5D66D /* Udacity.swift in Sources */ = {isa = PBXBuildFile; fileRef = 6B490863224185FB00A5D66D /* Udacity.swift */; };
		6B4908662241867200A5D66D /* LoginRequest.swift in Sources */ = {isa = PBXBuildFile; fileRef = 6B4908652241867200A5D66D /* LoginRequest.swift */; };
		6B7032BF22419ACD004AFC14 /* Account.swift in Sources */ = {isa = PBXBuildFile; fileRef = 6B7032BE22419ACD004AFC14 /* Account.swift */; };
		6B7032C122419B28004AFC14 /* Session.swift in Sources */ = {isa = PBXBuildFile; fileRef = 6B7032C022419B28004AFC14 /* Session.swift */; };
		6B7032C322419BC9004AFC14 /* DeleteSession.swift in Sources */ = {isa = PBXBuildFile; fileRef = 6B7032C222419BC9004AFC14 /* DeleteSession.swift */; };
		6B7032C522419CFA004AFC14 /* SessionResponse.swift in Sources */ = {isa = PBXBuildFile; fileRef = 6B7032C422419CFA004AFC14 /* SessionResponse.swift */; };
		6B7032C72241A0E5004AFC14 /* Endpoints.swift in Sources */ = {isa = PBXBuildFile; fileRef = 6B7032C62241A0E5004AFC14 /* Endpoints.swift */; };
/* End PBXBuildFile section */

/* Begin PBXFileReference section */
		6B37CA152240148B00F606D1 /* OnTheMap.app */ = {isa = PBXFileReference; explicitFileType = wrapper.application; includeInIndex = 0; path = OnTheMap.app; sourceTree = BUILT_PRODUCTS_DIR; };
		6B37CA182240148B00F606D1 /* AppDelegate.swift */ = {isa = PBXFileReference; lastKnownFileType = sourcecode.swift; path = AppDelegate.swift; sourceTree = "<group>"; };
		6B37CA1A2240148B00F606D1 /* LoginViewController.swift */ = {isa = PBXFileReference; lastKnownFileType = sourcecode.swift; path = LoginViewController.swift; sourceTree = "<group>"; };
		6B37CA1D2240148B00F606D1 /* Base */ = {isa = PBXFileReference; lastKnownFileType = file.storyboard; name = Base; path = Base.lproj/Main.storyboard; sourceTree = "<group>"; };
		6B37CA1F2240148D00F606D1 /* Assets.xcassets */ = {isa = PBXFileReference; lastKnownFileType = folder.assetcatalog; path = Assets.xcassets; sourceTree = "<group>"; };
		6B37CA222240148D00F606D1 /* Base */ = {isa = PBXFileReference; lastKnownFileType = file.storyboard; name = Base; path = Base.lproj/LaunchScreen.storyboard; sourceTree = "<group>"; };
		6B37CA242240148D00F606D1 /* Info.plist */ = {isa = PBXFileReference; lastKnownFileType = text.plist.xml; path = Info.plist; sourceTree = "<group>"; };
		6B37CA2E2240207100F606D1 /* ParseClient.swift */ = {isa = PBXFileReference; lastKnownFileType = sourcecode.swift; path = ParseClient.swift; sourceTree = "<group>"; };
		6B37CA302240295400F606D1 /* StudentLocation.swift */ = {isa = PBXFileReference; lastKnownFileType = sourcecode.swift; path = StudentLocation.swift; sourceTree = "<group>"; };
		6B49085B2241552400A5D66D /* LocationResult.swift */ = {isa = PBXFileReference; lastKnownFileType = sourcecode.swift; path = LocationResult.swift; sourceTree = "<group>"; };
		6B49085D22415B9B00A5D66D /* StudentResponse.swift */ = {isa = PBXFileReference; lastKnownFileType = sourcecode.swift; path = StudentResponse.swift; sourceTree = "<group>"; };
		6B4908602241802700A5D66D /* UdacityClient.swift */ = {isa = PBXFileReference; lastKnownFileType = sourcecode.swift; path = UdacityClient.swift; sourceTree = "<group>"; };
		6B490863224185FB00A5D66D /* Udacity.swift */ = {isa = PBXFileReference; lastKnownFileType = sourcecode.swift; path = Udacity.swift; sourceTree = "<group>"; };
		6B4908652241867200A5D66D /* LoginRequest.swift */ = {isa = PBXFileReference; lastKnownFileType = sourcecode.swift; path = LoginRequest.swift; sourceTree = "<group>"; };
		6B7032BE22419ACD004AFC14 /* Account.swift */ = {isa = PBXFileReference; lastKnownFileType = sourcecode.swift; path = Account.swift; sourceTree = "<group>"; };
		6B7032C022419B28004AFC14 /* Session.swift */ = {isa = PBXFileReference; lastKnownFileType = sourcecode.swift; path = Session.swift; sourceTree = "<group>"; };
		6B7032C222419BC9004AFC14 /* DeleteSession.swift */ = {isa = PBXFileReference; lastKnownFileType = sourcecode.swift; path = DeleteSession.swift; sourceTree = "<group>"; };
		6B7032C422419CFA004AFC14 /* SessionResponse.swift */ = {isa = PBXFileReference; lastKnownFileType = sourcecode.swift; path = SessionResponse.swift; sourceTree = "<group>"; };
		6B7032C62241A0E5004AFC14 /* Endpoints.swift */ = {isa = PBXFileReference; lastKnownFileType = sourcecode.swift; path = Endpoints.swift; sourceTree = "<group>"; };
/* End PBXFileReference section */

/* Begin PBXFrameworksBuildPhase section */
		6B37CA122240148B00F606D1 /* Frameworks */ = {
			isa = PBXFrameworksBuildPhase;
			buildActionMask = 2147483647;
			files = (
			);
			runOnlyForDeploymentPostprocessing = 0;
		};
/* End PBXFrameworksBuildPhase section */

/* Begin PBXGroup section */
		6B37CA0C2240148B00F606D1 = {
			isa = PBXGroup;
			children = (
				6B37CA172240148B00F606D1 /* OnTheMap */,
				6B37CA162240148B00F606D1 /* Products */,
			);
			sourceTree = "<group>";
		};
		6B37CA162240148B00F606D1 /* Products */ = {
			isa = PBXGroup;
			children = (
				6B37CA152240148B00F606D1 /* OnTheMap.app */,
			);
			name = Products;
			sourceTree = "<group>";
		};
		6B37CA172240148B00F606D1 /* OnTheMap */ = {
			isa = PBXGroup;
			children = (
				6B37CA242240148D00F606D1 /* Info.plist */,
				6B37CA182240148B00F606D1 /* AppDelegate.swift */,
				6B37CA2A2240158C00F606D1 /* Model */,
				6B37CA2B2240159700F606D1 /* View */,
				6B37CA2C224015A300F606D1 /* Controller */,
				6B37CA2D224015BE00F606D1 /* Assets */,
			);
			path = OnTheMap;
			sourceTree = "<group>";
		};
		6B37CA2A2240158C00F606D1 /* Model */ = {
			isa = PBXGroup;
			children = (
				6B7032C62241A0E5004AFC14 /* Endpoints.swift */,
				6B37CA3222402EF100F606D1 /* Parse Client */,
				6B37CA3322402EFA00F606D1 /* Parse Response */,
				6B49085F2241800600A5D66D /* Udacity Client */,
				6B4908622241857F00A5D66D /* Udacity Request */,
				6B49086722418A2000A5D66D /* Udacity Response */,
			);
			path = Model;
			sourceTree = "<group>";
		};
		6B37CA2B2240159700F606D1 /* View */ = {
			isa = PBXGroup;
			children = (
			);
			path = View;
			sourceTree = "<group>";
		};
		6B37CA2C224015A300F606D1 /* Controller */ = {
			isa = PBXGroup;
			children = (
				6B37CA1A2240148B00F606D1 /* LoginViewController.swift */,
			);
			path = Controller;
			sourceTree = "<group>";
		};
		6B37CA2D224015BE00F606D1 /* Assets */ = {
			isa = PBXGroup;
			children = (
				6B37CA1C2240148B00F606D1 /* Main.storyboard */,
				6B37CA212240148D00F606D1 /* LaunchScreen.storyboard */,
				6B37CA1F2240148D00F606D1 /* Assets.xcassets */,
			);
			path = Assets;
			sourceTree = "<group>";
		};
		6B37CA3222402EF100F606D1 /* Parse Client */ = {
			isa = PBXGroup;
			children = (
				6B37CA2E2240207100F606D1 /* ParseClient.swift */,
			);
			path = "Parse Client";
			sourceTree = "<group>";
		};
		6B37CA3322402EFA00F606D1 /* Parse Response */ = {
			isa = PBXGroup;
			children = (
				6B37CA302240295400F606D1 /* StudentLocation.swift */,
				6B49085B2241552400A5D66D /* LocationResult.swift */,
				6B49085D22415B9B00A5D66D /* StudentResponse.swift */,
			);
			path = "Parse Response";
			sourceTree = "<group>";
		};
		6B49085F2241800600A5D66D /* Udacity Client */ = {
			isa = PBXGroup;
			children = (
				6B4908602241802700A5D66D /* UdacityClient.swift */,
			);
			path = "Udacity Client";
			sourceTree = "<group>";
		};
		6B4908622241857F00A5D66D /* Udacity Request */ = {
			isa = PBXGroup;
			children = (
				6B490863224185FB00A5D66D /* Udacity.swift */,
				6B4908652241867200A5D66D /* LoginRequest.swift */,
			);
			path = "Udacity Request";
			sourceTree = "<group>";
		};
		6B49086722418A2000A5D66D /* Udacity Response */ = {
			isa = PBXGroup;
			children = (
				6B7032BE22419ACD004AFC14 /* Account.swift */,
				6B7032C022419B28004AFC14 /* Session.swift */,
				6B7032C222419BC9004AFC14 /* DeleteSession.swift */,
				6B7032C422419CFA004AFC14 /* SessionResponse.swift */,
			);
			path = "Udacity Response";
			sourceTree = "<group>";
		};
/* End PBXGroup section */

/* Begin PBXNativeTarget section */
		6B37CA142240148B00F606D1 /* OnTheMap */ = {
			isa = PBXNativeTarget;
			buildConfigurationList = 6B37CA272240148D00F606D1 /* Build configuration list for PBXNativeTarget "OnTheMap" */;
			buildPhases = (
				6B37CA112240148B00F606D1 /* Sources */,
				6B37CA122240148B00F606D1 /* Frameworks */,
				6B37CA132240148B00F606D1 /* Resources */,
			);
			buildRules = (
			);
			dependencies = (
			);
			name = OnTheMap;
			productName = OnTheMap;
			productReference = 6B37CA152240148B00F606D1 /* OnTheMap.app */;
			productType = "com.apple.product-type.application";
		};
/* End PBXNativeTarget section */

/* Begin PBXProject section */
		6B37CA0D2240148B00F606D1 /* Project object */ = {
			isa = PBXProject;
			attributes = {
				LastSwiftUpdateCheck = 1010;
				LastUpgradeCheck = 1010;
				ORGANIZATIONNAME = "Tim Wiesner";
				TargetAttributes = {
					6B37CA142240148B00F606D1 = {
						CreatedOnToolsVersion = 10.1;
					};
				};
			};
			buildConfigurationList = 6B37CA102240148B00F606D1 /* Build configuration list for PBXProject "OnTheMap" */;
			compatibilityVersion = "Xcode 9.3";
			developmentRegion = en;
			hasScannedForEncodings = 0;
			knownRegions = (
				en,
				Base,
			);
			mainGroup = 6B37CA0C2240148B00F606D1;
			productRefGroup = 6B37CA162240148B00F606D1 /* Products */;
			projectDirPath = "";
			projectRoot = "";
			targets = (
				6B37CA142240148B00F606D1 /* OnTheMap */,
			);
		};
/* End PBXProject section */

/* Begin PBXResourcesBuildPhase section */
		6B37CA132240148B00F606D1 /* Resources */ = {
			isa = PBXResourcesBuildPhase;
			buildActionMask = 2147483647;
			files = (
				6B37CA232240148D00F606D1 /* LaunchScreen.storyboard in Resources */,
				6B37CA202240148D00F606D1 /* Assets.xcassets in Resources */,
				6B37CA1E2240148B00F606D1 /* Main.storyboard in Resources */,
			);
			runOnlyForDeploymentPostprocessing = 0;
		};
/* End PBXResourcesBuildPhase section */

/* Begin PBXSourcesBuildPhase section */
		6B37CA112240148B00F606D1 /* Sources */ = {
			isa = PBXSourcesBuildPhase;
			buildActionMask = 2147483647;
			files = (
				6B4908662241867200A5D66D /* LoginRequest.swift in Sources */,
				6B7032C322419BC9004AFC14 /* DeleteSession.swift in Sources */,
				6B49085E22415B9B00A5D66D /* StudentResponse.swift in Sources */,
				6B7032C522419CFA004AFC14 /* SessionResponse.swift in Sources */,
				6B49085C2241552400A5D66D /* LocationResult.swift in Sources */,
				6B37CA2F2240207100F606D1 /* ParseClient.swift in Sources */,
				6B490864224185FB00A5D66D /* Udacity.swift in Sources */,
				6B7032BF22419ACD004AFC14 /* Account.swift in Sources */,
				6B37CA1B2240148B00F606D1 /* LoginViewController.swift in Sources */,
				6B7032C122419B28004AFC14 /* Session.swift in Sources */,
				6B7032C72241A0E5004AFC14 /* Endpoints.swift in Sources */,
				6B37CA192240148B00F606D1 /* AppDelegate.swift in Sources */,
				6B4908612241802700A5D66D /* UdacityClient.swift in Sources */,
				6B37CA312240295400F606D1 /* StudentLocation.swift in Sources */,
			);
			runOnlyForDeploymentPostprocessing = 0;
		};
/* End PBXSourcesBuildPhase section */

/* Begin PBXVariantGroup section */
		6B37CA1C2240148B00F606D1 /* Main.storyboard */ = {
			isa = PBXVariantGroup;
			children = (
				6B37CA1D2240148B00F606D1 /* Base */,
			);
			name = Main.storyboard;
			sourceTree = "<group>";
		};
		6B37CA212240148D00F606D1 /* LaunchScreen.storyboard */ = {
			isa = PBXVariantGroup;
			children = (
				6B37CA222240148D00F606D1 /* Base */,
			);
			name = LaunchScreen.storyboard;
			sourceTree = "<group>";
		};
/* End PBXVariantGroup section */

/* Begin XCBuildConfiguration section */
		6B37CA252240148D00F606D1 /* Debug */ = {
			isa = XCBuildConfiguration;
			buildSettings = {
				ALWAYS_SEARCH_USER_PATHS = NO;
				CLANG_ANALYZER_NONNULL = YES;
				CLANG_ANALYZER_NUMBER_OBJECT_CONVERSION = YES_AGGRESSIVE;
				CLANG_CXX_LANGUAGE_STANDARD = "gnu++14";
				CLANG_CXX_LIBRARY = "libc++";
				CLANG_ENABLE_MODULES = YES;
				CLANG_ENABLE_OBJC_ARC = YES;
				CLANG_ENABLE_OBJC_WEAK = YES;
				CLANG_WARN_BLOCK_CAPTURE_AUTORELEASING = YES;
				CLANG_WARN_BOOL_CONVERSION = YES;
				CLANG_WARN_COMMA = YES;
				CLANG_WARN_CONSTANT_CONVERSION = YES;
				CLANG_WARN_DEPRECATED_OBJC_IMPLEMENTATIONS = YES;
				CLANG_WARN_DIRECT_OBJC_ISA_USAGE = YES_ERROR;
				CLANG_WARN_DOCUMENTATION_COMMENTS = YES;
				CLANG_WARN_EMPTY_BODY = YES;
				CLANG_WARN_ENUM_CONVERSION = YES;
				CLANG_WARN_INFINITE_RECURSION = YES;
				CLANG_WARN_INT_CONVERSION = YES;
				CLANG_WARN_NON_LITERAL_NULL_CONVERSION = YES;
				CLANG_WARN_OBJC_IMPLICIT_RETAIN_SELF = YES;
				CLANG_WARN_OBJC_LITERAL_CONVERSION = YES;
				CLANG_WARN_OBJC_ROOT_CLASS = YES_ERROR;
				CLANG_WARN_RANGE_LOOP_ANALYSIS = YES;
				CLANG_WARN_STRICT_PROTOTYPES = YES;
				CLANG_WARN_SUSPICIOUS_MOVE = YES;
				CLANG_WARN_UNGUARDED_AVAILABILITY = YES_AGGRESSIVE;
				CLANG_WARN_UNREACHABLE_CODE = YES;
				CLANG_WARN__DUPLICATE_METHOD_MATCH = YES;
				CODE_SIGN_IDENTITY = "iPhone Developer";
				COPY_PHASE_STRIP = NO;
				DEBUG_INFORMATION_FORMAT = dwarf;
				ENABLE_STRICT_OBJC_MSGSEND = YES;
				ENABLE_TESTABILITY = YES;
				GCC_C_LANGUAGE_STANDARD = gnu11;
				GCC_DYNAMIC_NO_PIC = NO;
				GCC_NO_COMMON_BLOCKS = YES;
				GCC_OPTIMIZATION_LEVEL = 0;
				GCC_PREPROCESSOR_DEFINITIONS = (
					"DEBUG=1",
					"$(inherited)",
				);
				GCC_WARN_64_TO_32_BIT_CONVERSION = YES;
				GCC_WARN_ABOUT_RETURN_TYPE = YES_ERROR;
				GCC_WARN_UNDECLARED_SELECTOR = YES;
				GCC_WARN_UNINITIALIZED_AUTOS = YES_AGGRESSIVE;
				GCC_WARN_UNUSED_FUNCTION = YES;
				GCC_WARN_UNUSED_VARIABLE = YES;
				IPHONEOS_DEPLOYMENT_TARGET = 12.1;
				MTL_ENABLE_DEBUG_INFO = INCLUDE_SOURCE;
				MTL_FAST_MATH = YES;
				ONLY_ACTIVE_ARCH = YES;
				SDKROOT = iphoneos;
				SWIFT_ACTIVE_COMPILATION_CONDITIONS = DEBUG;
				SWIFT_OPTIMIZATION_LEVEL = "-Onone";
			};
			name = Debug;
		};
		6B37CA262240148D00F606D1 /* Release */ = {
			isa = XCBuildConfiguration;
			buildSettings = {
				ALWAYS_SEARCH_USER_PATHS = NO;
				CLANG_ANALYZER_NONNULL = YES;
				CLANG_ANALYZER_NUMBER_OBJECT_CONVERSION = YES_AGGRESSIVE;
				CLANG_CXX_LANGUAGE_STANDARD = "gnu++14";
				CLANG_CXX_LIBRARY = "libc++";
				CLANG_ENABLE_MODULES = YES;
				CLANG_ENABLE_OBJC_ARC = YES;
				CLANG_ENABLE_OBJC_WEAK = YES;
				CLANG_WARN_BLOCK_CAPTURE_AUTORELEASING = YES;
				CLANG_WARN_BOOL_CONVERSION = YES;
				CLANG_WARN_COMMA = YES;
				CLANG_WARN_CONSTANT_CONVERSION = YES;
				CLANG_WARN_DEPRECATED_OBJC_IMPLEMENTATIONS = YES;
				CLANG_WARN_DIRECT_OBJC_ISA_USAGE = YES_ERROR;
				CLANG_WARN_DOCUMENTATION_COMMENTS = YES;
				CLANG_WARN_EMPTY_BODY = YES;
				CLANG_WARN_ENUM_CONVERSION = YES;
				CLANG_WARN_INFINITE_RECURSION = YES;
				CLANG_WARN_INT_CONVERSION = YES;
				CLANG_WARN_NON_LITERAL_NULL_CONVERSION = YES;
				CLANG_WARN_OBJC_IMPLICIT_RETAIN_SELF = YES;
				CLANG_WARN_OBJC_LITERAL_CONVERSION = YES;
				CLANG_WARN_OBJC_ROOT_CLASS = YES_ERROR;
				CLANG_WARN_RANGE_LOOP_ANALYSIS = YES;
				CLANG_WARN_STRICT_PROTOTYPES = YES;
				CLANG_WARN_SUSPICIOUS_MOVE = YES;
				CLANG_WARN_UNGUARDED_AVAILABILITY = YES_AGGRESSIVE;
				CLANG_WARN_UNREACHABLE_CODE = YES;
				CLANG_WARN__DUPLICATE_METHOD_MATCH = YES;
				CODE_SIGN_IDENTITY = "iPhone Developer";
				COPY_PHASE_STRIP = NO;
				DEBUG_INFORMATION_FORMAT = "dwarf-with-dsym";
				ENABLE_NS_ASSERTIONS = NO;
				ENABLE_STRICT_OBJC_MSGSEND = YES;
				GCC_C_LANGUAGE_STANDARD = gnu11;
				GCC_NO_COMMON_BLOCKS = YES;
				GCC_WARN_64_TO_32_BIT_CONVERSION = YES;
				GCC_WARN_ABOUT_RETURN_TYPE = YES_ERROR;
				GCC_WARN_UNDECLARED_SELECTOR = YES;
				GCC_WARN_UNINITIALIZED_AUTOS = YES_AGGRESSIVE;
				GCC_WARN_UNUSED_FUNCTION = YES;
				GCC_WARN_UNUSED_VARIABLE = YES;
				IPHONEOS_DEPLOYMENT_TARGET = 12.1;
				MTL_ENABLE_DEBUG_INFO = NO;
				MTL_FAST_MATH = YES;
				SDKROOT = iphoneos;
				SWIFT_COMPILATION_MODE = wholemodule;
				SWIFT_OPTIMIZATION_LEVEL = "-O";
				VALIDATE_PRODUCT = YES;
			};
			name = Release;
		};
		6B37CA282240148D00F606D1 /* Debug */ = {
			isa = XCBuildConfiguration;
			buildSettings = {
				ASSETCATALOG_COMPILER_APPICON_NAME = AppIcon;
				CODE_SIGN_STYLE = Automatic;
				DEVELOPMENT_TEAM = 4BDZ5RHAKH;
				INFOPLIST_FILE = OnTheMap/Info.plist;
				LD_RUNPATH_SEARCH_PATHS = (
					"$(inherited)",
					"@executable_path/Frameworks",
				);
				PRODUCT_BUNDLE_IDENTIFIER = Tang.OnTheMap;
				PRODUCT_NAME = "$(TARGET_NAME)";
				SWIFT_VERSION = 4.2;
				TARGETED_DEVICE_FAMILY = "1,2";
			};
			name = Debug;
		};
		6B37CA292240148D00F606D1 /* Release */ = {
			isa = XCBuildConfiguration;
			buildSettings = {
				ASSETCATALOG_COMPILER_APPICON_NAME = AppIcon;
				CODE_SIGN_STYLE = Automatic;
				DEVELOPMENT_TEAM = 4BDZ5RHAKH;
				INFOPLIST_FILE = OnTheMap/Info.plist;
				LD_RUNPATH_SEARCH_PATHS = (
					"$(inherited)",
					"@executable_path/Frameworks",
				);
				PRODUCT_BUNDLE_IDENTIFIER = Tang.OnTheMap;
				PRODUCT_NAME = "$(TARGET_NAME)";
				SWIFT_VERSION = 4.2;
				TARGETED_DEVICE_FAMILY = "1,2";
			};
			name = Release;
		};
/* End XCBuildConfiguration section */

/* Begin XCConfigurationList section */
		6B37CA102240148B00F606D1 /* Build configuration list for PBXProject "OnTheMap" */ = {
			isa = XCConfigurationList;
			buildConfigurations = (
				6B37CA252240148D00F606D1 /* Debug */,
				6B37CA262240148D00F606D1 /* Release */,
			);
			defaultConfigurationIsVisible = 0;
			defaultConfigurationName = Release;
		};
		6B37CA272240148D00F606D1 /* Build configuration list for PBXNativeTarget "OnTheMap" */ = {
			isa = XCConfigurationList;
			buildConfigurations = (
				6B37CA282240148D00F606D1 /* Debug */,
				6B37CA292240148D00F606D1 /* Release */,
			);
			defaultConfigurationIsVisible = 0;
			defaultConfigurationName = Release;
		};
/* End XCConfigurationList section */
	};
	rootObject = 6B37CA0D2240148B00F606D1 /* Project object */;
}
